// !$*UTF8*$!
{
	archiveVersion = 1;
	classes = {
	};
	objectVersion = 56;
	objects = {

/* Begin PBXBuildFile section */
		8331690A2A4BC1C3007DBEC4 /* AppDelegate.swift in Sources */ = {isa = PBXBuildFile; fileRef = 833169092A4BC1C3007DBEC4 /* AppDelegate.swift */; };
		8331690C2A4BC1C3007DBEC4 /* SceneDelegate.swift in Sources */ = {isa = PBXBuildFile; fileRef = 8331690B2A4BC1C3007DBEC4 /* SceneDelegate.swift */; };
		8331690E2A4BC1C3007DBEC4 /* ViewController.swift in Sources */ = {isa = PBXBuildFile; fileRef = 8331690D2A4BC1C3007DBEC4 /* ViewController.swift */; };
		833169112A4BC1C3007DBEC4 /* Main.storyboard in Resources */ = {isa = PBXBuildFile; fileRef = 8331690F2A4BC1C3007DBEC4 /* Main.storyboard */; };
		833169132A4BC1C5007DBEC4 /* Assets.xcassets in Resources */ = {isa = PBXBuildFile; fileRef = 833169122A4BC1C5007DBEC4 /* Assets.xcassets */; };
		833169162A4BC1C5007DBEC4 /* LaunchScreen.storyboard in Resources */ = {isa = PBXBuildFile; fileRef = 833169142A4BC1C5007DBEC4 /* LaunchScreen.storyboard */; };
		8331691F2A4BC1F9007DBEC4 /* HPParallaxHeader in Frameworks */ = {isa = PBXBuildFile; productRef = 8331691E2A4BC1F9007DBEC4 /* HPParallaxHeader */; };
		833169212A4BC745007DBEC4 /* HeaderView.swift in Sources */ = {isa = PBXBuildFile; fileRef = 833169202A4BC745007DBEC4 /* HeaderView.swift */; };
		833169232A4BC749007DBEC4 /* HeaderView.xib in Resources */ = {isa = PBXBuildFile; fileRef = 833169222A4BC749007DBEC4 /* HeaderView.xib */; };
		833169252A4BC834007DBEC4 /* NibLoadable.swift in Sources */ = {isa = PBXBuildFile; fileRef = 833169242A4BC834007DBEC4 /* NibLoadable.swift */; };
/* End PBXBuildFile section */

/* Begin PBXFileReference section */
		833169062A4BC1C3007DBEC4 /* ParallexHeaderView.app */ = {isa = PBXFileReference; explicitFileType = wrapper.application; includeInIndex = 0; path = ParallexHeaderView.app; sourceTree = BUILT_PRODUCTS_DIR; };
		833169092A4BC1C3007DBEC4 /* AppDelegate.swift */ = {isa = PBXFileReference; lastKnownFileType = sourcecode.swift; path = AppDelegate.swift; sourceTree = "<group>"; };
		8331690B2A4BC1C3007DBEC4 /* SceneDelegate.swift */ = {isa = PBXFileReference; lastKnownFileType = sourcecode.swift; path = SceneDelegate.swift; sourceTree = "<group>"; };
		8331690D2A4BC1C3007DBEC4 /* ViewController.swift */ = {isa = PBXFileReference; lastKnownFileType = sourcecode.swift; path = ViewController.swift; sourceTree = "<group>"; };
		833169102A4BC1C3007DBEC4 /* Base */ = {isa = PBXFileReference; lastKnownFileType = file.storyboard; name = Base; path = Base.lproj/Main.storyboard; sourceTree = "<group>"; };
		833169122A4BC1C5007DBEC4 /* Assets.xcassets */ = {isa = PBXFileReference; lastKnownFileType = folder.assetcatalog; path = Assets.xcassets; sourceTree = "<group>"; };
		833169152A4BC1C5007DBEC4 /* Base */ = {isa = PBXFileReference; lastKnownFileType = file.storyboard; name = Base; path = Base.lproj/LaunchScreen.storyboard; sourceTree = "<group>"; };
		833169172A4BC1C5007DBEC4 /* Info.plist */ = {isa = PBXFileReference; lastKnownFileType = text.plist.xml; path = Info.plist; sourceTree = "<group>"; };
		833169202A4BC745007DBEC4 /* HeaderView.swift */ = {isa = PBXFileReference; lastKnownFileType = sourcecode.swift; path = HeaderView.swift; sourceTree = "<group>"; };
		833169222A4BC749007DBEC4 /* HeaderView.xib */ = {isa = PBXFileReference; lastKnownFileType = file.xib; path = HeaderView.xib; sourceTree = "<group>"; };
		833169242A4BC834007DBEC4 /* NibLoadable.swift */ = {isa = PBXFileReference; fileEncoding = 4; lastKnownFileType = sourcecode.swift; path = NibLoadable.swift; sourceTree = "<group>"; };
/* End PBXFileReference section */

/* Begin PBXFrameworksBuildPhase section */
		833169032A4BC1C3007DBEC4 /* Frameworks */ = {
			isa = PBXFrameworksBuildPhase;
			buildActionMask = 2147483647;
			files = (
				8331691F2A4BC1F9007DBEC4 /* HPParallaxHeader in Frameworks */,
			);
			runOnlyForDeploymentPostprocessing = 0;
		};
/* End PBXFrameworksBuildPhase section */

/* Begin PBXGroup section */
		833168FD2A4BC1C3007DBEC4 = {
			isa = PBXGroup;
			children = (
				833169082A4BC1C3007DBEC4 /* ParallexHeaderView */,
				833169072A4BC1C3007DBEC4 /* Products */,
			);
			sourceTree = "<group>";
		};
		833169072A4BC1C3007DBEC4 /* Products */ = {
			isa = PBXGroup;
			children = (
				833169062A4BC1C3007DBEC4 /* ParallexHeaderView.app */,
			);
			name = Products;
			sourceTree = "<group>";
		};
		833169082A4BC1C3007DBEC4 /* ParallexHeaderView */ = {
			isa = PBXGroup;
			children = (
				833169242A4BC834007DBEC4 /* NibLoadable.swift */,
				833169092A4BC1C3007DBEC4 /* AppDelegate.swift */,
				8331690B2A4BC1C3007DBEC4 /* SceneDelegate.swift */,
				8331690D2A4BC1C3007DBEC4 /* ViewController.swift */,
				8331690F2A4BC1C3007DBEC4 /* Main.storyboard */,
				833169222A4BC749007DBEC4 /* HeaderView.xib */,
				833169202A4BC745007DBEC4 /* HeaderView.swift */,
				833169122A4BC1C5007DBEC4 /* Assets.xcassets */,
				833169142A4BC1C5007DBEC4 /* LaunchScreen.storyboard */,
				833169172A4BC1C5007DBEC4 /* Info.plist */,
			);
			path = ParallexHeaderView;
			sourceTree = "<group>";
		};
/* End PBXGroup section */

/* Begin PBXNativeTarget section */
		833169052A4BC1C3007DBEC4 /* ParallexHeaderView */ = {
			isa = PBXNativeTarget;
			buildConfigurationList = 8331691A2A4BC1C5007DBEC4 /* Build configuration list for PBXNativeTarget "ParallexHeaderView" */;
			buildPhases = (
				833169022A4BC1C3007DBEC4 /* Sources */,
				833169032A4BC1C3007DBEC4 /* Frameworks */,
				833169042A4BC1C3007DBEC4 /* Resources */,
			);
			buildRules = (
			);
			dependencies = (
			);
			name = ParallexHeaderView;
			packageProductDependencies = (
				8331691E2A4BC1F9007DBEC4 /* HPParallaxHeader */,
			);
			productName = ParallexHeaderView;
			productReference = 833169062A4BC1C3007DBEC4 /* ParallexHeaderView.app */;
			productType = "com.apple.product-type.application";
		};
/* End PBXNativeTarget section */

/* Begin PBXProject section */
		833168FE2A4BC1C3007DBEC4 /* Project object */ = {
			isa = PBXProject;
			attributes = {
				BuildIndependentTargetsInParallel = 1;
				LastSwiftUpdateCheck = 1430;
				LastUpgradeCheck = 1430;
				TargetAttributes = {
					833169052A4BC1C3007DBEC4 = {
						CreatedOnToolsVersion = 14.3.1;
					};
				};
			};
			buildConfigurationList = 833169012A4BC1C3007DBEC4 /* Build configuration list for PBXProject "ParallexHeaderView" */;
			compatibilityVersion = "Xcode 14.0";
			developmentRegion = en;
			hasScannedForEncodings = 0;
			knownRegions = (
				en,
				Base,
			);
			mainGroup = 833168FD2A4BC1C3007DBEC4;
			packageReferences = (
				8331691D2A4BC1F9007DBEC4 /* XCRemoteSwiftPackageReference "HPParallaxHeader" */,
			);
			productRefGroup = 833169072A4BC1C3007DBEC4 /* Products */;
			projectDirPath = "";
			projectRoot = "";
			targets = (
				833169052A4BC1C3007DBEC4 /* ParallexHeaderView */,
			);
		};
/* End PBXProject section */

/* Begin PBXResourcesBuildPhase section */
		833169042A4BC1C3007DBEC4 /* Resources */ = {
			isa = PBXResourcesBuildPhase;
			buildActionMask = 2147483647;
			files = (
				833169162A4BC1C5007DBEC4 /* LaunchScreen.storyboard in Resources */,
				833169132A4BC1C5007DBEC4 /* Assets.xcassets in Resources */,
				833169112A4BC1C3007DBEC4 /* Main.storyboard in Resources */,
				833169232A4BC749007DBEC4 /* HeaderView.xib in Resources */,
			);
			runOnlyForDeploymentPostprocessing = 0;
		};
/* End PBXResourcesBuildPhase section */

/* Begin PBXSourcesBuildPhase section */
		833169022A4BC1C3007DBEC4 /* Sources */ = {
			isa = PBXSourcesBuildPhase;
			buildActionMask = 2147483647;
			files = (
				8331690E2A4BC1C3007DBEC4 /* ViewController.swift in Sources */,
				8331690A2A4BC1C3007DBEC4 /* AppDelegate.swift in Sources */,
				8331690C2A4BC1C3007DBEC4 /* SceneDelegate.swift in Sources */,
				833169252A4BC834007DBEC4 /* NibLoadable.swift in Sources */,
				833169212A4BC745007DBEC4 /* HeaderView.swift in Sources */,
			);
			runOnlyForDeploymentPostprocessing = 0;
		};
/* End PBXSourcesBuildPhase section */

/* Begin PBXVariantGroup section */
		8331690F2A4BC1C3007DBEC4 /* Main.storyboard */ = {
			isa = PBXVariantGroup;
			children = (
				833169102A4BC1C3007DBEC4 /* Base */,
			);
			name = Main.storyboard;
			sourceTree = "<group>";
		};
		833169142A4BC1C5007DBEC4 /* LaunchScreen.storyboard */ = {
			isa = PBXVariantGroup;
			children = (
				833169152A4BC1C5007DBEC4 /* Base */,
			);
			name = LaunchScreen.storyboard;
			sourceTree = "<group>";
		};
/* End PBXVariantGroup section */

/* Begin XCBuildConfiguration section */
		833169182A4BC1C5007DBEC4 /* Debug */ = {
			isa = XCBuildConfiguration;
			buildSettings = {
				ALWAYS_SEARCH_USER_PATHS = NO;
				CLANG_ANALYZER_NONNULL = YES;
				CLANG_ANALYZER_NUMBER_OBJECT_CONVERSION = YES_AGGRESSIVE;
				CLANG_CXX_LANGUAGE_STANDARD = "gnu++20";
				CLANG_ENABLE_MODULES = YES;
				CLANG_ENABLE_OBJC_ARC = YES;
				CLANG_ENABLE_OBJC_WEAK = YES;
				CLANG_WARN_BLOCK_CAPTURE_AUTORELEASING = YES;
				CLANG_WARN_BOOL_CONVERSION = YES;
				CLANG_WARN_COMMA = YES;
				CLANG_WARN_CONSTANT_CONVERSION = YES;
				CLANG_WARN_DEPRECATED_OBJC_IMPLEMENTATIONS = YES;
				CLANG_WARN_DIRECT_OBJC_ISA_USAGE = YES_ERROR;
				CLANG_WARN_DOCUMENTATION_COMMENTS = YES;
				CLANG_WARN_EMPTY_BODY = YES;
				CLANG_WARN_ENUM_CONVERSION = YES;
				CLANG_WARN_INFINITE_RECURSION = YES;
				CLANG_WARN_INT_CONVERSION = YES;
				CLANG_WARN_NON_LITERAL_NULL_CONVERSION = YES;
				CLANG_WARN_OBJC_IMPLICIT_RETAIN_SELF = YES;
				CLANG_WARN_OBJC_LITERAL_CONVERSION = YES;
				CLANG_WARN_OBJC_ROOT_CLASS = YES_ERROR;
				CLANG_WARN_QUOTED_INCLUDE_IN_FRAMEWORK_HEADER = YES;
				CLANG_WARN_RANGE_LOOP_ANALYSIS = YES;
				CLANG_WARN_STRICT_PROTOTYPES = YES;
				CLANG_WARN_SUSPICIOUS_MOVE = YES;
				CLANG_WARN_UNGUARDED_AVAILABILITY = YES_AGGRESSIVE;
				CLANG_WARN_UNREACHABLE_CODE = YES;
				CLANG_WARN__DUPLICATE_METHOD_MATCH = YES;
				COPY_PHASE_STRIP = NO;
				DEBUG_INFORMATION_FORMAT = dwarf;
				ENABLE_STRICT_OBJC_MSGSEND = YES;
				ENABLE_TESTABILITY = YES;
				GCC_C_LANGUAGE_STANDARD = gnu11;
				GCC_DYNAMIC_NO_PIC = NO;
				GCC_NO_COMMON_BLOCKS = YES;
				GCC_OPTIMIZATION_LEVEL = 0;
				GCC_PREPROCESSOR_DEFINITIONS = (
					"DEBUG=1",
					"$(inherited)",
				);
				GCC_WARN_64_TO_32_BIT_CONVERSION = YES;
				GCC_WARN_ABOUT_RETURN_TYPE = YES_ERROR;
				GCC_WARN_UNDECLARED_SELECTOR = YES;
				GCC_WARN_UNINITIALIZED_AUTOS = YES_AGGRESSIVE;
				GCC_WARN_UNUSED_FUNCTION = YES;
				GCC_WARN_UNUSED_VARIABLE = YES;
				IPHONEOS_DEPLOYMENT_TARGET = 16.4;
				MTL_ENABLE_DEBUG_INFO = INCLUDE_SOURCE;
				MTL_FAST_MATH = YES;
				ONLY_ACTIVE_ARCH = YES;
				SDKROOT = iphoneos;
				SWIFT_ACTIVE_COMPILATION_CONDITIONS = DEBUG;
				SWIFT_OPTIMIZATION_LEVEL = "-Onone";
			};
			name = Debug;
		};
		833169192A4BC1C5007DBEC4 /* Release */ = {
			isa = XCBuildConfiguration;
			buildSettings = {
				ALWAYS_SEARCH_USER_PATHS = NO;
				CLANG_ANALYZER_NONNULL = YES;
				CLANG_ANALYZER_NUMBER_OBJECT_CONVERSION = YES_AGGRESSIVE;
				CLANG_CXX_LANGUAGE_STANDARD = "gnu++20";
				CLANG_ENABLE_MODULES = YES;
				CLANG_ENABLE_OBJC_ARC = YES;
				CLANG_ENABLE_OBJC_WEAK = YES;
				CLANG_WARN_BLOCK_CAPTURE_AUTORELEASING = YES;
				CLANG_WARN_BOOL_CONVERSION = YES;
				CLANG_WARN_COMMA = YES;
				CLANG_WARN_CONSTANT_CONVERSION = YES;
				CLANG_WARN_DEPRECATED_OBJC_IMPLEMENTATIONS = YES;
				CLANG_WARN_DIRECT_OBJC_ISA_USAGE = YES_ERROR;
				CLANG_WARN_DOCUMENTATION_COMMENTS = YES;
				CLANG_WARN_EMPTY_BODY = YES;
				CLANG_WARN_ENUM_CONVERSION = YES;
				CLANG_WARN_INFINITE_RECURSION = YES;
				CLANG_WARN_INT_CONVERSION = YES;
				CLANG_WARN_NON_LITERAL_NULL_CONVERSION = YES;
				CLANG_WARN_OBJC_IMPLICIT_RETAIN_SELF = YES;
				CLANG_WARN_OBJC_LITERAL_CONVERSION = YES;
				CLANG_WARN_OBJC_ROOT_CLASS = YES_ERROR;
				CLANG_WARN_QUOTED_INCLUDE_IN_FRAMEWORK_HEADER = YES;
				CLANG_WARN_RANGE_LOOP_ANALYSIS = YES;
				CLANG_WARN_STRICT_PROTOTYPES = YES;
				CLANG_WARN_SUSPICIOUS_MOVE = YES;
				CLANG_WARN_UNGUARDED_AVAILABILITY = YES_AGGRESSIVE;
				CLANG_WARN_UNREACHABLE_CODE = YES;
				CLANG_WARN__DUPLICATE_METHOD_MATCH = YES;
				COPY_PHASE_STRIP = NO;
				DEBUG_INFORMATION_FORMAT = "dwarf-with-dsym";
				ENABLE_NS_ASSERTIONS = NO;
				ENABLE_STRICT_OBJC_MSGSEND = YES;
				GCC_C_LANGUAGE_STANDARD = gnu11;
				GCC_NO_COMMON_BLOCKS = YES;
				GCC_WARN_64_TO_32_BIT_CONVERSION = YES;
				GCC_WARN_ABOUT_RETURN_TYPE = YES_ERROR;
				GCC_WARN_UNDECLARED_SELECTOR = YES;
				GCC_WARN_UNINITIALIZED_AUTOS = YES_AGGRESSIVE;
				GCC_WARN_UNUSED_FUNCTION = YES;
				GCC_WARN_UNUSED_VARIABLE = YES;
				IPHONEOS_DEPLOYMENT_TARGET = 16.4;
				MTL_ENABLE_DEBUG_INFO = NO;
				MTL_FAST_MATH = YES;
				SDKROOT = iphoneos;
				SWIFT_COMPILATION_MODE = wholemodule;
				SWIFT_OPTIMIZATION_LEVEL = "-O";
				VALIDATE_PRODUCT = YES;
			};
			name = Release;
		};
		8331691B2A4BC1C5007DBEC4 /* Debug */ = {
			isa = XCBuildConfiguration;
			buildSettings = {
				ASSETCATALOG_COMPILER_APPICON_NAME = AppIcon;
				ASSETCATALOG_COMPILER_GLOBAL_ACCENT_COLOR_NAME = AccentColor;
				CODE_SIGN_STYLE = Automatic;
				CURRENT_PROJECT_VERSION = 1;
				DEVELOPMENT_TEAM = APATJHZZY7;
				GENERATE_INFOPLIST_FILE = YES;
				INFOPLIST_FILE = ParallexHeaderView/Info.plist;
				INFOPLIST_KEY_UIApplicationSupportsIndirectInputEvents = YES;
				INFOPLIST_KEY_UILaunchStoryboardName = LaunchScreen;
				INFOPLIST_KEY_UIMainStoryboardFile = Main;
				INFOPLIST_KEY_UISupportedInterfaceOrientations_iPad = "UIInterfaceOrientationPortrait UIInterfaceOrientationPortraitUpsideDown UIInterfaceOrientationLandscapeLeft UIInterfaceOrientationLandscapeRight";
				INFOPLIST_KEY_UISupportedInterfaceOrientations_iPhone = "UIInterfaceOrientationPortrait UIInterfaceOrientationLandscapeLeft UIInterfaceOrientationLandscapeRight";
				LD_RUNPATH_SEARCH_PATHS = (
					"$(inherited)",
					"@executable_path/Frameworks",
				);
				MARKETING_VERSION = 1.0;
				PRODUCT_BUNDLE_IDENTIFIER = com.waiker.ParallexHeaderView;
				PRODUCT_NAME = "$(TARGET_NAME)";
				SWIFT_EMIT_LOC_STRINGS = YES;
				SWIFT_VERSION = 5.0;
				TARGETED_DEVICE_FAMILY = "1,2";
			};
			name = Debug;
		};
		8331691C2A4BC1C5007DBEC4 /* Release */ = {
			isa = XCBuildConfiguration;
			buildSettings = {
				ASSETCATALOG_COMPILER_APPICON_NAME = AppIcon;
				ASSETCATALOG_COMPILER_GLOBAL_ACCENT_COLOR_NAME = AccentColor;
				CODE_SIGN_STYLE = Automatic;
				CURRENT_PROJECT_VERSION = 1;
				DEVELOPMENT_TEAM = APATJHZZY7;
				GENERATE_INFOPLIST_FILE = YES;
				INFOPLIST_FILE = ParallexHeaderView/Info.plist;
				INFOPLIST_KEY_UIApplicationSupportsIndirectInputEvents = YES;
				INFOPLIST_KEY_UILaunchStoryboardName = LaunchScreen;
				INFOPLIST_KEY_UIMainStoryboardFile = Main;
				INFOPLIST_KEY_UISupportedInterfaceOrientations_iPad = "UIInterfaceOrientationPortrait UIInterfaceOrientationPortraitUpsideDown UIInterfaceOrientationLandscapeLeft UIInterfaceOrientationLandscapeRight";
				INFOPLIST_KEY_UISupportedInterfaceOrientations_iPhone = "UIInterfaceOrientationPortrait UIInterfaceOrientationLandscapeLeft UIInterfaceOrientationLandscapeRight";
				LD_RUNPATH_SEARCH_PATHS = (
					"$(inherited)",
					"@executable_path/Frameworks",
				);
				MARKETING_VERSION = 1.0;
				PRODUCT_BUNDLE_IDENTIFIER = com.waiker.ParallexHeaderView;
				PRODUCT_NAME = "$(TARGET_NAME)";
				SWIFT_EMIT_LOC_STRINGS = YES;
				SWIFT_VERSION = 5.0;
				TARGETED_DEVICE_FAMILY = "1,2";
			};
			name = Release;
		};
/* End XCBuildConfiguration section */

/* Begin XCConfigurationList section */
		833169012A4BC1C3007DBEC4 /* Build configuration list for PBXProject "ParallexHeaderView" */ = {
			isa = XCConfigurationList;
			buildConfigurations = (
				833169182A4BC1C5007DBEC4 /* Debug */,
				833169192A4BC1C5007DBEC4 /* Release */,
			);
			defaultConfigurationIsVisible = 0;
			defaultConfigurationName = Release;
		};
		8331691A2A4BC1C5007DBEC4 /* Build configuration list for PBXNativeTarget "ParallexHeaderView" */ = {
			isa = XCConfigurationList;
			buildConfigurations = (
				8331691B2A4BC1C5007DBEC4 /* Debug */,
				8331691C2A4BC1C5007DBEC4 /* Release */,
			);
			defaultConfigurationIsVisible = 0;
			defaultConfigurationName = Release;
		};
/* End XCConfigurationList section */

/* Begin XCRemoteSwiftPackageReference section */
		8331691D2A4BC1F9007DBEC4 /* XCRemoteSwiftPackageReference "HPParallaxHeader" */ = {
			isa = XCRemoteSwiftPackageReference;
			repositoryURL = "https://github.com/ngochiencse/HPParallaxHeader";
			requirement = {
				kind = upToNextMajorVersion;
				minimumVersion = 1.0.0;
			};
		};
/* End XCRemoteSwiftPackageReference section */

/* Begin XCSwiftPackageProductDependency section */
		8331691E2A4BC1F9007DBEC4 /* HPParallaxHeader */ = {
			isa = XCSwiftPackageProductDependency;
			package = 8331691D2A4BC1F9007DBEC4 /* XCRemoteSwiftPackageReference "HPParallaxHeader" */;
			productName = HPParallaxHeader;
		};
/* End XCSwiftPackageProductDependency section */
	};
	rootObject = 833168FE2A4BC1C3007DBEC4 /* Project object */;
}
